
Microsoft Visual Studio Solution File, Format Version 12.00
# Visual Studio Version 16
VisualStudioVersion = 16.0.31112.23
MinimumVisualStudioVersion = 10.0.40219.1
Project("{FAE04EC0-301F-11D3-BF4B-00C04F79EFBC}") = "geomimick", "geomimick\geomimick.csproj", "{F11D4460-9A29-43AA-97AF-7D5F5350068F}"
EndProject
Global
	GlobalSection(SolutionConfigurationPlatforms) = preSolution
		Debug|Any CPU = Debug|Any CPU
		Release|Any CPU = Release|Any CPU
	EndGlobalSection
	GlobalSection(ProjectConfigurationPlatforms) = postSolution
		{F11D4460-9A29-43AA-97AF-7D5F5350068F}.Debug|Any CPU.ActiveCfg = Debug|Any CPU
		{F11D4460-9A29-43AA-97AF-7D5F5350068F}.Debug|Any CPU.Build.0 = Debug|Any CPU
		{F11D4460-9A29-43AA-97AF-7D5F5350068F}.Release|Any CPU.ActiveCfg = Release|Any CPU
		{F11D4460-9A29-43AA-97AF-7D5F5350068F}.Release|Any CPU.Build.0 = Release|Any CPU
	EndGlobalSection
	GlobalSection(SolutionProperties) = preSolution
		HideSolutionNode = FALSE
	EndGlobalSection
	GlobalSection(ExtensibilityGlobals) = postSolution
		SolutionGuid = {D92D1438-042A-4D1A-A3DD-272DE7F7BF5F}
	EndGlobalSection
EndGlobal
